
Microsoft Visual Studio Solution File, Format Version 12.00
# Visual Studio 15
VisualStudioVersion = 15.0.28307.168
MinimumVisualStudioVersion = 10.0.40219.1
Project("{FAE04EC0-301F-11D3-BF4B-00C04F79EFBC}") = "Ordering.API", "Ordering.API\Ordering.API.csproj", "{934B5F80-A2D8-4C40-BE0B-A5283CBE428D}"
EndProject
Project("{FAE04EC0-301F-11D3-BF4B-00C04F79EFBC}") = "Ordering.Domain", "Ordering.Domain\Ordering.Domain.csproj", "{A5FB7936-01BE-4467-AF16-CACB78D12D94}"
EndProject
Project("{FAE04EC0-301F-11D3-BF4B-00C04F79EFBC}") = "Ordering.Infrastructure", "Ordering.Infrastructure\Ordering.Infrastructure.csproj", "{66B0483E-7EC9-4FE1-8C7D-6CC0BFA952BF}"
EndProject
Global
	GlobalSection(SolutionConfigurationPlatforms) = preSolution
		Debug|Any CPU = Debug|Any CPU
		Release|Any CPU = Release|Any CPU
	EndGlobalSection
	GlobalSection(ProjectConfigurationPlatforms) = postSolution
		{934B5F80-A2D8-4C40-BE0B-A5283CBE428D}.Debug|Any CPU.ActiveCfg = Debug|Any CPU
		{934B5F80-A2D8-4C40-BE0B-A5283CBE428D}.Debug|Any CPU.Build.0 = Debug|Any CPU
		{934B5F80-A2D8-4C40-BE0B-A5283CBE428D}.Release|Any CPU.ActiveCfg = Release|Any CPU
		{934B5F80-A2D8-4C40-BE0B-A5283CBE428D}.Release|Any CPU.Build.0 = Release|Any CPU
		{A5FB7936-01BE-4467-AF16-CACB78D12D94}.Debug|Any CPU.ActiveCfg = Debug|Any CPU
		{A5FB7936-01BE-4467-AF16-CACB78D12D94}.Debug|Any CPU.Build.0 = Debug|Any CPU
		{A5FB7936-01BE-4467-AF16-CACB78D12D94}.Release|Any CPU.ActiveCfg = Release|Any CPU
		{A5FB7936-01BE-4467-AF16-CACB78D12D94}.Release|Any CPU.Build.0 = Release|Any CPU
		{66B0483E-7EC9-4FE1-8C7D-6CC0BFA952BF}.Debug|Any CPU.ActiveCfg = Debug|Any CPU
		{66B0483E-7EC9-4FE1-8C7D-6CC0BFA952BF}.Debug|Any CPU.Build.0 = Debug|Any CPU
		{66B0483E-7EC9-4FE1-8C7D-6CC0BFA952BF}.Release|Any CPU.ActiveCfg = Release|Any CPU
		{66B0483E-7EC9-4FE1-8C7D-6CC0BFA952BF}.Release|Any CPU.Build.0 = Release|Any CPU
	EndGlobalSection
	GlobalSection(SolutionProperties) = preSolution
		HideSolutionNode = FALSE
	EndGlobalSection
	GlobalSection(ExtensibilityGlobals) = postSolution
		SolutionGuid = {A3B68880-A82A-46F1-BAA8-C56DACB8CDF6}
	EndGlobalSection
EndGlobal
